
Microsoft Visual Studio Solution File, Format Version 12.00
# Visual Studio Version 16
VisualStudioVersion = 16.0.30413.136
MinimumVisualStudioVersion = 10.0.40219.1
Project("{FAE04EC0-301F-11D3-BF4B-00C04F79EFBC}") = "ControleGasto", "ControleGasto.csproj", "{2BC2745F-E5F4-4B9D-BE43-1C5682DFC9A3}"
EndProject
Global
	GlobalSection(SolutionConfigurationPlatforms) = preSolution
		Debug|Any CPU = Debug|Any CPU
		Release|Any CPU = Release|Any CPU
	EndGlobalSection
	GlobalSection(ProjectConfigurationPlatforms) = postSolution
		{2BC2745F-E5F4-4B9D-BE43-1C5682DFC9A3}.Debug|Any CPU.ActiveCfg = Debug|Any CPU
		{2BC2745F-E5F4-4B9D-BE43-1C5682DFC9A3}.Debug|Any CPU.Build.0 = Debug|Any CPU
		{2BC2745F-E5F4-4B9D-BE43-1C5682DFC9A3}.Release|Any CPU.ActiveCfg = Release|Any CPU
		{2BC2745F-E5F4-4B9D-BE43-1C5682DFC9A3}.Release|Any CPU.Build.0 = Release|Any CPU
	EndGlobalSection
	GlobalSection(SolutionProperties) = preSolution
		HideSolutionNode = FALSE
	EndGlobalSection
	GlobalSection(ExtensibilityGlobals) = postSolution
		SolutionGuid = {DBBFD163-EB20-497E-AAFA-D2B752792D7C}
	EndGlobalSection
EndGlobal
